
Microsoft Visual Studio Solution File, Format Version 12.00
# Visual Studio 15
VisualStudioVersion = 15.0.28307.329
MinimumVisualStudioVersion = 10.0.40219.1
Project("{FAE04EC0-301F-11D3-BF4B-00C04F79EFBC}") = "Chinook.Data", "Chinook.Data\Chinook.Data.csproj", "{8F2E5959-5394-46EA-B8E1-B7F866DABDD6}"
EndProject
Project("{FAE04EC0-301F-11D3-BF4B-00C04F79EFBC}") = "Chinook.Data.Test", "Chinook.Data.Test\Chinook.Data.Test.csproj", "{AAD08B6E-84BC-48BA-837C-B7E54566726F}"
EndProject
Project("{FAE04EC0-301F-11D3-BF4B-00C04F79EFBC}") = "Chinook.Entities", "Chinook.Entities\Chinook.Entities.csproj", "{CDF02273-9CA7-4E50-8950-17AB6E84D38A}"
EndProject
Project("{FAE04EC0-301F-11D3-BF4B-00C04F79EFBC}") = "Chinook.UI.Desktop", "Chinook.UI.Desktop\Chinook.UI.Desktop.csproj", "{8AA88B9E-67B3-40D0-84AD-2B405573F5C9}"
EndProject
Project("{2150E333-8FDC-42A3-9474-1A3956D46DE8}") = "ADO", "ADO", "{D5D74176-5EAA-44B3-86E0-8CBC3F0B2D80}"
EndProject
Project("{2150E333-8FDC-42A3-9474-1A3956D46DE8}") = "EF.CodeFirst", "EF.CodeFirst", "{CE656F18-DEF1-42AF-9BDC-004170D292DD}"
EndProject
Project("{FAE04EC0-301F-11D3-BF4B-00C04F79EFBC}") = "App.EF.CodeFirst", "App.EF.CodeFirst\App.EF.CodeFirst.csproj", "{E1984F9B-B69D-43BF-8E4D-082E459F8FA0}"
EndProject
Project("{FAE04EC0-301F-11D3-BF4B-00C04F79EFBC}") = "App.EF.CodeFirst.Entities", "App.EF.CodeFirst.Entities\App.EF.CodeFirst.Entities.csproj", "{EDBE94E1-B49C-49B3-A14B-DDC7A2B602B1}"
EndProject
Project("{FAE04EC0-301F-11D3-BF4B-00C04F79EFBC}") = "App.EF.CodeFirst.Test", "App.EF.CodeFirst.Test\App.EF.CodeFirst.Test.csproj", "{893043AB-74A6-4F2F-B366-685400E476A7}"
EndProject
Project("{FAE04EC0-301F-11D3-BF4B-00C04F79EFBC}") = "App.EF.Entities.Query", "App.EF.Entities.Query\App.EF.Entities.Query.csproj", "{8F80BA71-7C6D-45E4-A42B-A8E6D5D3D753}"
EndProject
Project("{2150E333-8FDC-42A3-9474-1A3956D46DE8}") = "Repositorios", "Repositorios", "{1D271700-5717-49BF-93B2-22A9739F33B1}"
EndProject
Project("{FAE04EC0-301F-11D3-BF4B-00C04F79EFBC}") = "App.DataAccess.Repository", "App.DataAccess.Repository\App.DataAccess.Repository.csproj", "{FBEDD21F-5CA8-482E-B62E-C7064B0E29F1}"
EndProject
Project("{FAE04EC0-301F-11D3-BF4B-00C04F79EFBC}") = "App.Entities.Base", "App.Entities.Base\App.Entities.Base.csproj", "{2582EC4D-6C12-4284-B70D-A31EAD4892C7}"
EndProject
Project("{FAE04EC0-301F-11D3-BF4B-00C04F79EFBC}") = "App.DataAccess.Repository.Interface", "App.DataAccess.Repository.Interface\App.DataAccess.Repository.Interface.csproj", "{AEC45401-BD54-4409-9246-A88AAC85189F}"
EndProject
Project("{FAE04EC0-301F-11D3-BF4B-00C04F79EFBC}") = "App.DataAccess.Repository.Test", "App.DataAccess.Repository.Test\App.DataAccess.Repository.Test.csproj", "{2514E136-F444-4F43-B82F-A0C7CFF86F48}"
EndProject
Global
	GlobalSection(SolutionConfigurationPlatforms) = preSolution
		Debug|Any CPU = Debug|Any CPU
		Release|Any CPU = Release|Any CPU
	EndGlobalSection
	GlobalSection(ProjectConfigurationPlatforms) = postSolution
		{8F2E5959-5394-46EA-B8E1-B7F866DABDD6}.Debug|Any CPU.ActiveCfg = Debug|Any CPU
		{8F2E5959-5394-46EA-B8E1-B7F866DABDD6}.Debug|Any CPU.Build.0 = Debug|Any CPU
		{8F2E5959-5394-46EA-B8E1-B7F866DABDD6}.Release|Any CPU.ActiveCfg = Release|Any CPU
		{8F2E5959-5394-46EA-B8E1-B7F866DABDD6}.Release|Any CPU.Build.0 = Release|Any CPU
		{AAD08B6E-84BC-48BA-837C-B7E54566726F}.Debug|Any CPU.ActiveCfg = Debug|Any CPU
		{AAD08B6E-84BC-48BA-837C-B7E54566726F}.Debug|Any CPU.Build.0 = Debug|Any CPU
		{AAD08B6E-84BC-48BA-837C-B7E54566726F}.Release|Any CPU.ActiveCfg = Release|Any CPU
		{AAD08B6E-84BC-48BA-837C-B7E54566726F}.Release|Any CPU.Build.0 = Release|Any CPU
		{CDF02273-9CA7-4E50-8950-17AB6E84D38A}.Debug|Any CPU.ActiveCfg = Debug|Any CPU
		{CDF02273-9CA7-4E50-8950-17AB6E84D38A}.Debug|Any CPU.Build.0 = Debug|Any CPU
		{CDF02273-9CA7-4E50-8950-17AB6E84D38A}.Release|Any CPU.ActiveCfg = Release|Any CPU
		{CDF02273-9CA7-4E50-8950-17AB6E84D38A}.Release|Any CPU.Build.0 = Release|Any CPU
		{8AA88B9E-67B3-40D0-84AD-2B405573F5C9}.Debug|Any CPU.ActiveCfg = Debug|Any CPU
		{8AA88B9E-67B3-40D0-84AD-2B405573F5C9}.Debug|Any CPU.Build.0 = Debug|Any CPU
		{8AA88B9E-67B3-40D0-84AD-2B405573F5C9}.Release|Any CPU.ActiveCfg = Release|Any CPU
		{8AA88B9E-67B3-40D0-84AD-2B405573F5C9}.Release|Any CPU.Build.0 = Release|Any CPU
		{E1984F9B-B69D-43BF-8E4D-082E459F8FA0}.Debug|Any CPU.ActiveCfg = Debug|Any CPU
		{E1984F9B-B69D-43BF-8E4D-082E459F8FA0}.Debug|Any CPU.Build.0 = Debug|Any CPU
		{E1984F9B-B69D-43BF-8E4D-082E459F8FA0}.Release|Any CPU.ActiveCfg = Release|Any CPU
		{E1984F9B-B69D-43BF-8E4D-082E459F8FA0}.Release|Any CPU.Build.0 = Release|Any CPU
		{EDBE94E1-B49C-49B3-A14B-DDC7A2B602B1}.Debug|Any CPU.ActiveCfg = Debug|Any CPU
		{EDBE94E1-B49C-49B3-A14B-DDC7A2B602B1}.Debug|Any CPU.Build.0 = Debug|Any CPU
		{EDBE94E1-B49C-49B3-A14B-DDC7A2B602B1}.Release|Any CPU.ActiveCfg = Release|Any CPU
		{EDBE94E1-B49C-49B3-A14B-DDC7A2B602B1}.Release|Any CPU.Build.0 = Release|Any CPU
		{893043AB-74A6-4F2F-B366-685400E476A7}.Debug|Any CPU.ActiveCfg = Debug|Any CPU
		{893043AB-74A6-4F2F-B366-685400E476A7}.Debug|Any CPU.Build.0 = Debug|Any CPU
		{893043AB-74A6-4F2F-B366-685400E476A7}.Release|Any CPU.ActiveCfg = Release|Any CPU
		{893043AB-74A6-4F2F-B366-685400E476A7}.Release|Any CPU.Build.0 = Release|Any CPU
		{8F80BA71-7C6D-45E4-A42B-A8E6D5D3D753}.Debug|Any CPU.ActiveCfg = Debug|Any CPU
		{8F80BA71-7C6D-45E4-A42B-A8E6D5D3D753}.Debug|Any CPU.Build.0 = Debug|Any CPU
		{8F80BA71-7C6D-45E4-A42B-A8E6D5D3D753}.Release|Any CPU.ActiveCfg = Release|Any CPU
		{8F80BA71-7C6D-45E4-A42B-A8E6D5D3D753}.Release|Any CPU.Build.0 = Release|Any CPU
		{FBEDD21F-5CA8-482E-B62E-C7064B0E29F1}.Debug|Any CPU.ActiveCfg = Debug|Any CPU
		{FBEDD21F-5CA8-482E-B62E-C7064B0E29F1}.Debug|Any CPU.Build.0 = Debug|Any CPU
		{FBEDD21F-5CA8-482E-B62E-C7064B0E29F1}.Release|Any CPU.ActiveCfg = Release|Any CPU
		{FBEDD21F-5CA8-482E-B62E-C7064B0E29F1}.Release|Any CPU.Build.0 = Release|Any CPU
		{2582EC4D-6C12-4284-B70D-A31EAD4892C7}.Debug|Any CPU.ActiveCfg = Debug|Any CPU
		{2582EC4D-6C12-4284-B70D-A31EAD4892C7}.Debug|Any CPU.Build.0 = Debug|Any CPU
		{2582EC4D-6C12-4284-B70D-A31EAD4892C7}.Release|Any CPU.ActiveCfg = Release|Any CPU
		{2582EC4D-6C12-4284-B70D-A31EAD4892C7}.Release|Any CPU.Build.0 = Release|Any CPU
		{AEC45401-BD54-4409-9246-A88AAC85189F}.Debug|Any CPU.ActiveCfg = Debug|Any CPU
		{AEC45401-BD54-4409-9246-A88AAC85189F}.Debug|Any CPU.Build.0 = Debug|Any CPU
		{AEC45401-BD54-4409-9246-A88AAC85189F}.Release|Any CPU.ActiveCfg = Release|Any CPU
		{AEC45401-BD54-4409-9246-A88AAC85189F}.Release|Any CPU.Build.0 = Release|Any CPU
		{2514E136-F444-4F43-B82F-A0C7CFF86F48}.Debug|Any CPU.ActiveCfg = Debug|Any CPU
		{2514E136-F444-4F43-B82F-A0C7CFF86F48}.Debug|Any CPU.Build.0 = Debug|Any CPU
		{2514E136-F444-4F43-B82F-A0C7CFF86F48}.Release|Any CPU.ActiveCfg = Release|Any CPU
		{2514E136-F444-4F43-B82F-A0C7CFF86F48}.Release|Any CPU.Build.0 = Release|Any CPU
	EndGlobalSection
	GlobalSection(SolutionProperties) = preSolution
		HideSolutionNode = FALSE
	EndGlobalSection
	GlobalSection(NestedProjects) = preSolution
		{8F2E5959-5394-46EA-B8E1-B7F866DABDD6} = {D5D74176-5EAA-44B3-86E0-8CBC3F0B2D80}
		{AAD08B6E-84BC-48BA-837C-B7E54566726F} = {D5D74176-5EAA-44B3-86E0-8CBC3F0B2D80}
		{CDF02273-9CA7-4E50-8950-17AB6E84D38A} = {D5D74176-5EAA-44B3-86E0-8CBC3F0B2D80}
		{8AA88B9E-67B3-40D0-84AD-2B405573F5C9} = {D5D74176-5EAA-44B3-86E0-8CBC3F0B2D80}
		{E1984F9B-B69D-43BF-8E4D-082E459F8FA0} = {CE656F18-DEF1-42AF-9BDC-004170D292DD}
		{EDBE94E1-B49C-49B3-A14B-DDC7A2B602B1} = {CE656F18-DEF1-42AF-9BDC-004170D292DD}
		{893043AB-74A6-4F2F-B366-685400E476A7} = {CE656F18-DEF1-42AF-9BDC-004170D292DD}
		{8F80BA71-7C6D-45E4-A42B-A8E6D5D3D753} = {CE656F18-DEF1-42AF-9BDC-004170D292DD}
		{FBEDD21F-5CA8-482E-B62E-C7064B0E29F1} = {1D271700-5717-49BF-93B2-22A9739F33B1}
		{2582EC4D-6C12-4284-B70D-A31EAD4892C7} = {1D271700-5717-49BF-93B2-22A9739F33B1}
		{AEC45401-BD54-4409-9246-A88AAC85189F} = {1D271700-5717-49BF-93B2-22A9739F33B1}
		{2514E136-F444-4F43-B82F-A0C7CFF86F48} = {1D271700-5717-49BF-93B2-22A9739F33B1}
	EndGlobalSection
	GlobalSection(ExtensibilityGlobals) = postSolution
		SolutionGuid = {2A6420F7-C7C9-4BD4-8682-0CB0ACC7A8ED}
	EndGlobalSection
EndGlobal
